// !$*UTF8*$!
{
	archiveVersion = 1;
	classes = {
	};
	objectVersion = 46;
	objects = {

/* Begin PBXBuildFile section */
		78F549F71C43924800EB9AA2 /* main.m in Sources */ = {isa = PBXBuildFile; fileRef = 78F549F61C43924800EB9AA2 /* main.m */; };
		78F549FA1C43924800EB9AA2 /* AppDelegate.m in Sources */ = {isa = PBXBuildFile; fileRef = 78F549F91C43924800EB9AA2 /* AppDelegate.m */; };
		78F549FD1C43924800EB9AA2 /* ViewController.m in Sources */ = {isa = PBXBuildFile; fileRef = 78F549FC1C43924800EB9AA2 /* ViewController.m */; };
		78F54A001C43924800EB9AA2 /* Main.storyboard in Resources */ = {isa = PBXBuildFile; fileRef = 78F549FE1C43924800EB9AA2 /* Main.storyboard */; };
		78F54A021C43924800EB9AA2 /* Images.xcassets in Resources */ = {isa = PBXBuildFile; fileRef = 78F54A011C43924800EB9AA2 /* Images.xcassets */; };
		78F54A051C43924800EB9AA2 /* LaunchScreen.xib in Resources */ = {isa = PBXBuildFile; fileRef = 78F54A031C43924800EB9AA2 /* LaunchScreen.xib */; };
		78F54A111C43924800EB9AA2 /* LearningMJExtensionTests.m in Sources */ = {isa = PBXBuildFile; fileRef = 78F54A101C43924800EB9AA2 /* LearningMJExtensionTests.m */; };
		78F54A1D1C43994400EB9AA2 /* User.m in Sources */ = {isa = PBXBuildFile; fileRef = 78F54A1C1C43994400EB9AA2 /* User.m */; };
		78F54A201C439FFB00EB9AA2 /* NSObject+Property.m in Sources */ = {isa = PBXBuildFile; fileRef = 78F54A1F1C439FFB00EB9AA2 /* NSObject+Property.m */; };
		78F54A231C43ACE200EB9AA2 /* MJPropertyType.m in Sources */ = {isa = PBXBuildFile; fileRef = 78F54A221C43ACE200EB9AA2 /* MJPropertyType.m */; };
		78F54A261C43C57500EB9AA2 /* MJProperty.m in Sources */ = {isa = PBXBuildFile; fileRef = 78F54A251C43C57500EB9AA2 /* MJProperty.m */; };
		78F54A2F1C43CD1D00EB9AA2 /* MJExtensionConst.m in Sources */ = {isa = PBXBuildFile; fileRef = 78F54A2E1C43CD1D00EB9AA2 /* MJExtensionConst.m */; };
/* End PBXBuildFile section */

/* Begin PBXContainerItemProxy section */
		78F54A0B1C43924800EB9AA2 /* PBXContainerItemProxy */ = {
			isa = PBXContainerItemProxy;
			containerPortal = 78F549E91C43924800EB9AA2 /* Project object */;
			proxyType = 1;
			remoteGlobalIDString = 78F549F01C43924800EB9AA2;
			remoteInfo = LearningMJExtension;
		};
/* End PBXContainerItemProxy section */

/* Begin PBXFileReference section */
		78F549F11C43924800EB9AA2 /* LearningMJExtension.app */ = {isa = PBXFileReference; explicitFileType = wrapper.application; includeInIndex = 0; path = LearningMJExtension.app; sourceTree = BUILT_PRODUCTS_DIR; };
		78F549F51C43924800EB9AA2 /* Info.plist */ = {isa = PBXFileReference; lastKnownFileType = text.plist.xml; path = Info.plist; sourceTree = "<group>"; };
		78F549F61C43924800EB9AA2 /* main.m */ = {isa = PBXFileReference; lastKnownFileType = sourcecode.c.objc; path = main.m; sourceTree = "<group>"; };
		78F549F81C43924800EB9AA2 /* AppDelegate.h */ = {isa = PBXFileReference; lastKnownFileType = sourcecode.c.h; path = AppDelegate.h; sourceTree = "<group>"; };
		78F549F91C43924800EB9AA2 /* AppDelegate.m */ = {isa = PBXFileReference; lastKnownFileType = sourcecode.c.objc; path = AppDelegate.m; sourceTree = "<group>"; };
		78F549FB1C43924800EB9AA2 /* ViewController.h */ = {isa = PBXFileReference; lastKnownFileType = sourcecode.c.h; path = ViewController.h; sourceTree = "<group>"; };
		78F549FC1C43924800EB9AA2 /* ViewController.m */ = {isa = PBXFileReference; lastKnownFileType = sourcecode.c.objc; path = ViewController.m; sourceTree = "<group>"; };
		78F549FF1C43924800EB9AA2 /* Base */ = {isa = PBXFileReference; lastKnownFileType = file.storyboard; name = Base; path = Base.lproj/Main.storyboard; sourceTree = "<group>"; };
		78F54A011C43924800EB9AA2 /* Images.xcassets */ = {isa = PBXFileReference; lastKnownFileType = folder.assetcatalog; path = Images.xcassets; sourceTree = "<group>"; };
		78F54A041C43924800EB9AA2 /* Base */ = {isa = PBXFileReference; lastKnownFileType = file.xib; name = Base; path = Base.lproj/LaunchScreen.xib; sourceTree = "<group>"; };
		78F54A0A1C43924800EB9AA2 /* LearningMJExtensionTests.xctest */ = {isa = PBXFileReference; explicitFileType = wrapper.cfbundle; includeInIndex = 0; path = LearningMJExtensionTests.xctest; sourceTree = BUILT_PRODUCTS_DIR; };
		78F54A0F1C43924800EB9AA2 /* Info.plist */ = {isa = PBXFileReference; lastKnownFileType = text.plist.xml; path = Info.plist; sourceTree = "<group>"; };
		78F54A101C43924800EB9AA2 /* LearningMJExtensionTests.m */ = {isa = PBXFileReference; lastKnownFileType = sourcecode.c.objc; path = LearningMJExtensionTests.m; sourceTree = "<group>"; };
		78F54A1B1C43994400EB9AA2 /* User.h */ = {isa = PBXFileReference; fileEncoding = 4; lastKnownFileType = sourcecode.c.h; path = User.h; sourceTree = "<group>"; };
		78F54A1C1C43994400EB9AA2 /* User.m */ = {isa = PBXFileReference; fileEncoding = 4; lastKnownFileType = sourcecode.c.objc; path = User.m; sourceTree = "<group>"; };
		78F54A1E1C439FFB00EB9AA2 /* NSObject+Property.h */ = {isa = PBXFileReference; fileEncoding = 4; lastKnownFileType = sourcecode.c.h; path = "NSObject+Property.h"; sourceTree = "<group>"; };
		78F54A1F1C439FFB00EB9AA2 /* NSObject+Property.m */ = {isa = PBXFileReference; fileEncoding = 4; lastKnownFileType = sourcecode.c.objc; path = "NSObject+Property.m"; sourceTree = "<group>"; };
		78F54A211C43ACE200EB9AA2 /* MJPropertyType.h */ = {isa = PBXFileReference; fileEncoding = 4; lastKnownFileType = sourcecode.c.h; path = MJPropertyType.h; sourceTree = "<group>"; };
		78F54A221C43ACE200EB9AA2 /* MJPropertyType.m */ = {isa = PBXFileReference; fileEncoding = 4; lastKnownFileType = sourcecode.c.objc; path = MJPropertyType.m; sourceTree = "<group>"; };
		78F54A241C43C57500EB9AA2 /* MJProperty.h */ = {isa = PBXFileReference; fileEncoding = 4; lastKnownFileType = sourcecode.c.h; path = MJProperty.h; sourceTree = "<group>"; };
		78F54A251C43C57500EB9AA2 /* MJProperty.m */ = {isa = PBXFileReference; fileEncoding = 4; lastKnownFileType = sourcecode.c.objc; path = MJProperty.m; sourceTree = "<group>"; };
		78F54A2E1C43CD1D00EB9AA2 /* MJExtensionConst.m */ = {isa = PBXFileReference; fileEncoding = 4; lastKnownFileType = sourcecode.c.objc; path = MJExtensionConst.m; sourceTree = "<group>"; };
		78F54A301C43D2E600EB9AA2 /* MJExtensionConst.h */ = {isa = PBXFileReference; lastKnownFileType = sourcecode.c.h; path = MJExtensionConst.h; sourceTree = "<group>"; };
/* End PBXFileReference section */

/* Begin PBXFrameworksBuildPhase section */
		78F549EE1C43924800EB9AA2 /* Frameworks */ = {
			isa = PBXFrameworksBuildPhase;
			buildActionMask = 2147483647;
			files = (
			);
			runOnlyForDeploymentPostprocessing = 0;
		};
		78F54A071C43924800EB9AA2 /* Frameworks */ = {
			isa = PBXFrameworksBuildPhase;
			buildActionMask = 2147483647;
			files = (
			);
			runOnlyForDeploymentPostprocessing = 0;
		};
/* End PBXFrameworksBuildPhase section */

/* Begin PBXGroup section */
		78F549E81C43924800EB9AA2 = {
			isa = PBXGroup;
			children = (
				78F549F31C43924800EB9AA2 /* LearningMJExtension */,
				78F54A0D1C43924800EB9AA2 /* LearningMJExtensionTests */,
				78F549F21C43924800EB9AA2 /* Products */,
			);
			sourceTree = "<group>";
		};
		78F549F21C43924800EB9AA2 /* Products */ = {
			isa = PBXGroup;
			children = (
				78F549F11C43924800EB9AA2 /* LearningMJExtension.app */,
				78F54A0A1C43924800EB9AA2 /* LearningMJExtensionTests.xctest */,
			);
			name = Products;
			sourceTree = "<group>";
		};
		78F549F31C43924800EB9AA2 /* LearningMJExtension */ = {
			isa = PBXGroup;
			children = (
				78F54A1A1C43987F00EB9AA2 /* Extension */,
				78F549F81C43924800EB9AA2 /* AppDelegate.h */,
				78F549F91C43924800EB9AA2 /* AppDelegate.m */,
				78F549FB1C43924800EB9AA2 /* ViewController.h */,
				78F549FC1C43924800EB9AA2 /* ViewController.m */,
				78F549FE1C43924800EB9AA2 /* Main.storyboard */,
				78F54A011C43924800EB9AA2 /* Images.xcassets */,
				78F54A031C43924800EB9AA2 /* LaunchScreen.xib */,
				78F549F41C43924800EB9AA2 /* Supporting Files */,
			);
			path = LearningMJExtension;
			sourceTree = "<group>";
		};
		78F549F41C43924800EB9AA2 /* Supporting Files */ = {
			isa = PBXGroup;
			children = (
				78F549F51C43924800EB9AA2 /* Info.plist */,
				78F549F61C43924800EB9AA2 /* main.m */,
			);
			name = "Supporting Files";
			sourceTree = "<group>";
		};
		78F54A0D1C43924800EB9AA2 /* LearningMJExtensionTests */ = {
			isa = PBXGroup;
			children = (
				78F54A101C43924800EB9AA2 /* LearningMJExtensionTests.m */,
				78F54A0E1C43924800EB9AA2 /* Supporting Files */,
			);
			path = LearningMJExtensionTests;
			sourceTree = "<group>";
		};
		78F54A0E1C43924800EB9AA2 /* Supporting Files */ = {
			isa = PBXGroup;
			children = (
				78F54A0F1C43924800EB9AA2 /* Info.plist */,
			);
			name = "Supporting Files";
			sourceTree = "<group>";
		};
		78F54A1A1C43987F00EB9AA2 /* Extension */ = {
			isa = PBXGroup;
			children = (
				78F54A1B1C43994400EB9AA2 /* User.h */,
				78F54A1C1C43994400EB9AA2 /* User.m */,
				78F54A1E1C439FFB00EB9AA2 /* NSObject+Property.h */,
				78F54A1F1C439FFB00EB9AA2 /* NSObject+Property.m */,
				78F54A211C43ACE200EB9AA2 /* MJPropertyType.h */,
				78F54A221C43ACE200EB9AA2 /* MJPropertyType.m */,
				78F54A241C43C57500EB9AA2 /* MJProperty.h */,
				78F54A251C43C57500EB9AA2 /* MJProperty.m */,
				78F54A2E1C43CD1D00EB9AA2 /* MJExtensionConst.m */,
				78F54A301C43D2E600EB9AA2 /* MJExtensionConst.h */,
			);
			path = Extension;
			sourceTree = "<group>";
		};
/* End PBXGroup section */

/* Begin PBXNativeTarget section */
		78F549F01C43924800EB9AA2 /* LearningMJExtension */ = {
			isa = PBXNativeTarget;
			buildConfigurationList = 78F54A141C43924800EB9AA2 /* Build configuration list for PBXNativeTarget "LearningMJExtension" */;
			buildPhases = (
				78F549ED1C43924800EB9AA2 /* Sources */,
				78F549EE1C43924800EB9AA2 /* Frameworks */,
				78F549EF1C43924800EB9AA2 /* Resources */,
			);
			buildRules = (
			);
			dependencies = (
			);
			name = LearningMJExtension;
			productName = LearningMJExtension;
			productReference = 78F549F11C43924800EB9AA2 /* LearningMJExtension.app */;
			productType = "com.apple.product-type.application";
		};
		78F54A091C43924800EB9AA2 /* LearningMJExtensionTests */ = {
			isa = PBXNativeTarget;
			buildConfigurationList = 78F54A171C43924800EB9AA2 /* Build configuration list for PBXNativeTarget "LearningMJExtensionTests" */;
			buildPhases = (
				78F54A061C43924800EB9AA2 /* Sources */,
				78F54A071C43924800EB9AA2 /* Frameworks */,
				78F54A081C43924800EB9AA2 /* Resources */,
			);
			buildRules = (
			);
			dependencies = (
				78F54A0C1C43924800EB9AA2 /* PBXTargetDependency */,
			);
			name = LearningMJExtensionTests;
			productName = LearningMJExtensionTests;
			productReference = 78F54A0A1C43924800EB9AA2 /* LearningMJExtensionTests.xctest */;
			productType = "com.apple.product-type.bundle.unit-test";
		};
/* End PBXNativeTarget section */

/* Begin PBXProject section */
		78F549E91C43924800EB9AA2 /* Project object */ = {
			isa = PBXProject;
			attributes = {
				LastUpgradeCheck = 0640;
				ORGANIZATIONNAME = ltchina;
				TargetAttributes = {
					78F549F01C43924800EB9AA2 = {
						CreatedOnToolsVersion = 6.4;
					};
					78F54A091C43924800EB9AA2 = {
						CreatedOnToolsVersion = 6.4;
						TestTargetID = 78F549F01C43924800EB9AA2;
					};
				};
			};
			buildConfigurationList = 78F549EC1C43924800EB9AA2 /* Build configuration list for PBXProject "LearningMJExtension" */;
			compatibilityVersion = "Xcode 3.2";
			developmentRegion = English;
			hasScannedForEncodings = 0;
			knownRegions = (
				en,
				Base,
			);
			mainGroup = 78F549E81C43924800EB9AA2;
			productRefGroup = 78F549F21C43924800EB9AA2 /* Products */;
			projectDirPath = "";
			projectRoot = "";
			targets = (
				78F549F01C43924800EB9AA2 /* LearningMJExtension */,
				78F54A091C43924800EB9AA2 /* LearningMJExtensionTests */,
			);
		};
/* End PBXProject section */

/* Begin PBXResourcesBuildPhase section */
		78F549EF1C43924800EB9AA2 /* Resources */ = {
			isa = PBXResourcesBuildPhase;
			buildActionMask = 2147483647;
			files = (
				78F54A001C43924800EB9AA2 /* Main.storyboard in Resources */,
				78F54A051C43924800EB9AA2 /* LaunchScreen.xib in Resources */,
				78F54A021C43924800EB9AA2 /* Images.xcassets in Resources */,
			);
			runOnlyForDeploymentPostprocessing = 0;
		};
		78F54A081C43924800EB9AA2 /* Resources */ = {
			isa = PBXResourcesBuildPhase;
			buildActionMask = 2147483647;
			files = (
			);
			runOnlyForDeploymentPostprocessing = 0;
		};
/* End PBXResourcesBuildPhase section */

/* Begin PBXSourcesBuildPhase section */
		78F549ED1C43924800EB9AA2 /* Sources */ = {
			isa = PBXSourcesBuildPhase;
			buildActionMask = 2147483647;
			files = (
				78F54A2F1C43CD1D00EB9AA2 /* MJExtensionConst.m in Sources */,
				78F54A1D1C43994400EB9AA2 /* User.m in Sources */,
				78F549FD1C43924800EB9AA2 /* ViewController.m in Sources */,
				78F54A261C43C57500EB9AA2 /* MJProperty.m in Sources */,
				78F549FA1C43924800EB9AA2 /* AppDelegate.m in Sources */,
				78F54A231C43ACE200EB9AA2 /* MJPropertyType.m in Sources */,
				78F54A201C439FFB00EB9AA2 /* NSObject+Property.m in Sources */,
				78F549F71C43924800EB9AA2 /* main.m in Sources */,
			);
			runOnlyForDeploymentPostprocessing = 0;
		};
		78F54A061C43924800EB9AA2 /* Sources */ = {
			isa = PBXSourcesBuildPhase;
			buildActionMask = 2147483647;
			files = (
				78F54A111C43924800EB9AA2 /* LearningMJExtensionTests.m in Sources */,
			);
			runOnlyForDeploymentPostprocessing = 0;
		};
/* End PBXSourcesBuildPhase section */

/* Begin PBXTargetDependency section */
		78F54A0C1C43924800EB9AA2 /* PBXTargetDependency */ = {
			isa = PBXTargetDependency;
			target = 78F549F01C43924800EB9AA2 /* LearningMJExtension */;
			targetProxy = 78F54A0B1C43924800EB9AA2 /* PBXContainerItemProxy */;
		};
/* End PBXTargetDependency section */

/* Begin PBXVariantGroup section */
		78F549FE1C43924800EB9AA2 /* Main.storyboard */ = {
			isa = PBXVariantGroup;
			children = (
				78F549FF1C43924800EB9AA2 /* Base */,
			);
			name = Main.storyboard;
			sourceTree = "<group>";
		};
		78F54A031C43924800EB9AA2 /* LaunchScreen.xib */ = {
			isa = PBXVariantGroup;
			children = (
				78F54A041C43924800EB9AA2 /* Base */,
			);
			name = LaunchScreen.xib;
			sourceTree = "<group>";
		};
/* End PBXVariantGroup section */

/* Begin XCBuildConfiguration section */
		78F54A121C43924800EB9AA2 /* Debug */ = {
			isa = XCBuildConfiguration;
			buildSettings = {
				ALWAYS_SEARCH_USER_PATHS = NO;
				CLANG_CXX_LANGUAGE_STANDARD = "gnu++0x";
				CLANG_CXX_LIBRARY = "libc++";
				CLANG_ENABLE_MODULES = YES;
				CLANG_ENABLE_OBJC_ARC = YES;
				CLANG_WARN_BOOL_CONVERSION = YES;
				CLANG_WARN_CONSTANT_CONVERSION = YES;
				CLANG_WARN_DIRECT_OBJC_ISA_USAGE = YES_ERROR;
				CLANG_WARN_EMPTY_BODY = YES;
				CLANG_WARN_ENUM_CONVERSION = YES;
				CLANG_WARN_INT_CONVERSION = YES;
				CLANG_WARN_OBJC_ROOT_CLASS = YES_ERROR;
				CLANG_WARN_UNREACHABLE_CODE = YES;
				CLANG_WARN__DUPLICATE_METHOD_MATCH = YES;
				"CODE_SIGN_IDENTITY[sdk=iphoneos*]" = "iPhone Developer";
				COPY_PHASE_STRIP = NO;
				DEBUG_INFORMATION_FORMAT = "dwarf-with-dsym";
				ENABLE_STRICT_OBJC_MSGSEND = YES;
				GCC_C_LANGUAGE_STANDARD = gnu99;
				GCC_DYNAMIC_NO_PIC = NO;
				GCC_NO_COMMON_BLOCKS = YES;
				GCC_OPTIMIZATION_LEVEL = 0;
				GCC_PREPROCESSOR_DEFINITIONS = (
					"DEBUG=1",
					"$(inherited)",
				);
				GCC_SYMBOLS_PRIVATE_EXTERN = NO;
				GCC_WARN_64_TO_32_BIT_CONVERSION = YES;
				GCC_WARN_ABOUT_RETURN_TYPE = YES_ERROR;
				GCC_WARN_UNDECLARED_SELECTOR = YES;
				GCC_WARN_UNINITIALIZED_AUTOS = YES_AGGRESSIVE;
				GCC_WARN_UNUSED_FUNCTION = YES;
				GCC_WARN_UNUSED_VARIABLE = YES;
				IPHONEOS_DEPLOYMENT_TARGET = 8.4;
				MTL_ENABLE_DEBUG_INFO = YES;
				ONLY_ACTIVE_ARCH = YES;
				SDKROOT = iphoneos;
			};
			name = Debug;
		};
		78F54A131C43924800EB9AA2 /* Release */ = {
			isa = XCBuildConfiguration;
			buildSettings = {
				ALWAYS_SEARCH_USER_PATHS = NO;
				CLANG_CXX_LANGUAGE_STANDARD = "gnu++0x";
				CLANG_CXX_LIBRARY = "libc++";
				CLANG_ENABLE_MODULES = YES;
				CLANG_ENABLE_OBJC_ARC = YES;
				CLANG_WARN_BOOL_CONVERSION = YES;
				CLANG_WARN_CONSTANT_CONVERSION = YES;
				CLANG_WARN_DIRECT_OBJC_ISA_USAGE = YES_ERROR;
				CLANG_WARN_EMPTY_BODY = YES;
				CLANG_WARN_ENUM_CONVERSION = YES;
				CLANG_WARN_INT_CONVERSION = YES;
				CLANG_WARN_OBJC_ROOT_CLASS = YES_ERROR;
				CLANG_WARN_UNREACHABLE_CODE = YES;
				CLANG_WARN__DUPLICATE_METHOD_MATCH = YES;
				"CODE_SIGN_IDENTITY[sdk=iphoneos*]" = "iPhone Developer";
				COPY_PHASE_STRIP = NO;
				DEBUG_INFORMATION_FORMAT = "dwarf-with-dsym";
				ENABLE_NS_ASSERTIONS = NO;
				ENABLE_STRICT_OBJC_MSGSEND = YES;
				GCC_C_LANGUAGE_STANDARD = gnu99;
				GCC_NO_COMMON_BLOCKS = YES;
				GCC_WARN_64_TO_32_BIT_CONVERSION = YES;
				GCC_WARN_ABOUT_RETURN_TYPE = YES_ERROR;
				GCC_WARN_UNDECLARED_SELECTOR = YES;
				GCC_WARN_UNINITIALIZED_AUTOS = YES_AGGRESSIVE;
				GCC_WARN_UNUSED_FUNCTION = YES;
				GCC_WARN_UNUSED_VARIABLE = YES;
				IPHONEOS_DEPLOYMENT_TARGET = 8.4;
				MTL_ENABLE_DEBUG_INFO = NO;
				SDKROOT = iphoneos;
				VALIDATE_PRODUCT = YES;
			};
			name = Release;
		};
		78F54A151C43924800EB9AA2 /* Debug */ = {
			isa = XCBuildConfiguration;
			buildSettings = {
				ASSETCATALOG_COMPILER_APPICON_NAME = AppIcon;
				CODE_SIGN_IDENTITY = "iPhone Developer";
				INFOPLIST_FILE = LearningMJExtension/Info.plist;
				LD_RUNPATH_SEARCH_PATHS = "$(inherited) @executable_path/Frameworks";
				PRODUCT_NAME = "$(TARGET_NAME)";
			};
			name = Debug;
		};
		78F54A161C43924800EB9AA2 /* Release */ = {
			isa = XCBuildConfiguration;
			buildSettings = {
				ASSETCATALOG_COMPILER_APPICON_NAME = AppIcon;
				CODE_SIGN_IDENTITY = "iPhone Developer";
				INFOPLIST_FILE = LearningMJExtension/Info.plist;
				LD_RUNPATH_SEARCH_PATHS = "$(inherited) @executable_path/Frameworks";
				PRODUCT_NAME = "$(TARGET_NAME)";
			};
			name = Release;
		};
		78F54A181C43924800EB9AA2 /* Debug */ = {
			isa = XCBuildConfiguration;
			buildSettings = {
				BUNDLE_LOADER = "$(TEST_HOST)";
				FRAMEWORK_SEARCH_PATHS = (
					"$(SDKROOT)/Developer/Library/Frameworks",
					"$(inherited)",
				);
				GCC_PREPROCESSOR_DEFINITIONS = (
					"DEBUG=1",
					"$(inherited)",
				);
				INFOPLIST_FILE = LearningMJExtensionTests/Info.plist;
				LD_RUNPATH_SEARCH_PATHS = "$(inherited) @executable_path/Frameworks @loader_path/Frameworks";
				PRODUCT_NAME = "$(TARGET_NAME)";
				TEST_HOST = "$(BUILT_PRODUCTS_DIR)/LearningMJExtension.app/LearningMJExtension";
			};
			name = Debug;
		};
		78F54A191C43924800EB9AA2 /* Release */ = {
			isa = XCBuildConfiguration;
			buildSettings = {
				BUNDLE_LOADER = "$(TEST_HOST)";
				FRAMEWORK_SEARCH_PATHS = (
					"$(SDKROOT)/Developer/Library/Frameworks",
					"$(inherited)",
				);
				INFOPLIST_FILE = LearningMJExtensionTests/Info.plist;
				LD_RUNPATH_SEARCH_PATHS = "$(inherited) @executable_path/Frameworks @loader_path/Frameworks";
				PRODUCT_NAME = "$(TARGET_NAME)";
				TEST_HOST = "$(BUILT_PRODUCTS_DIR)/LearningMJExtension.app/LearningMJExtension";
			};
			name = Release;
		};
/* End XCBuildConfiguration section */

/* Begin XCConfigurationList section */
		78F549EC1C43924800EB9AA2 /* Build configuration list for PBXProject "LearningMJExtension" */ = {
			isa = XCConfigurationList;
			buildConfigurations = (
				78F54A121C43924800EB9AA2 /* Debug */,
				78F54A131C43924800EB9AA2 /* Release */,
			);
			defaultConfigurationIsVisible = 0;
			defaultConfigurationName = Release;
		};
		78F54A141C43924800EB9AA2 /* Build configuration list for PBXNativeTarget "LearningMJExtension" */ = {
			isa = XCConfigurationList;
			buildConfigurations = (
				78F54A151C43924800EB9AA2 /* Debug */,
				78F54A161C43924800EB9AA2 /* Release */,
			);
			defaultConfigurationIsVisible = 0;
		};
		78F54A171C43924800EB9AA2 /* Build configuration list for PBXNativeTarget "LearningMJExtensionTests" */ = {
			isa = XCConfigurationList;
			buildConfigurations = (
				78F54A181C43924800EB9AA2 /* Debug */,
				78F54A191C43924800EB9AA2 /* Release */,
			);
			defaultConfigurationIsVisible = 0;
		};
/* End XCConfigurationList section */
	};
	rootObject = 78F549E91C43924800EB9AA2 /* Project object */;
}
